
Microsoft Visual Studio Solution File, Format Version 12.00
# Visual Studio 15
VisualStudioVersion = 15.0.28307.779
MinimumVisualStudioVersion = 10.0.40219.1
Project("{FAE04EC0-301F-11D3-BF4B-00C04F79EFBC}") = "UploadFiles", "UploadFiles\UploadFiles.csproj", "{D349CD15-456E-4A1F-91EC-7585E81EC037}"
EndProject
Global
	GlobalSection(SolutionConfigurationPlatforms) = preSolution
		Debug|Any CPU = Debug|Any CPU
		Release|Any CPU = Release|Any CPU
	EndGlobalSection
	GlobalSection(ProjectConfigurationPlatforms) = postSolution
		{D349CD15-456E-4A1F-91EC-7585E81EC037}.Debug|Any CPU.ActiveCfg = Debug|Any CPU
		{D349CD15-456E-4A1F-91EC-7585E81EC037}.Debug|Any CPU.Build.0 = Debug|Any CPU
		{D349CD15-456E-4A1F-91EC-7585E81EC037}.Release|Any CPU.ActiveCfg = Release|Any CPU
		{D349CD15-456E-4A1F-91EC-7585E81EC037}.Release|Any CPU.Build.0 = Release|Any CPU
	EndGlobalSection
	GlobalSection(SolutionProperties) = preSolution
		HideSolutionNode = FALSE
	EndGlobalSection
	GlobalSection(ExtensibilityGlobals) = postSolution
		SolutionGuid = {822371DB-C801-4DA3-96C5-93DEBA17924A}
	EndGlobalSection
EndGlobal
